
Microsoft Visual Studio Solution File, Format Version 12.00
# Visual Studio Version 16
VisualStudioVersion = 16.0.31205.134
MinimumVisualStudioVersion = 10.0.40219.1
Project("{FAE04EC0-301F-11D3-BF4B-00C04F79EFBC}") = "LongQrCodeParser", "LongQrCodeParser\LongQrCodeParser.csproj", "{3B2F7D61-C5C3-4795-A3CB-D44AAC2D3FA8}"
EndProject
Project("{FAE04EC0-301F-11D3-BF4B-00C04F79EFBC}") = "LongQrCodeParser.Test", "LongQrCodeParser.Test\LongQrCodeParser.Test.csproj", "{6D3CF446-D874-471C-A8F9-559506C124A6}"
EndProject
Global
	GlobalSection(SolutionConfigurationPlatforms) = preSolution
		Debug|Any CPU = Debug|Any CPU
		Release|Any CPU = Release|Any CPU
	EndGlobalSection
	GlobalSection(ProjectConfigurationPlatforms) = postSolution
		{3B2F7D61-C5C3-4795-A3CB-D44AAC2D3FA8}.Debug|Any CPU.ActiveCfg = Debug|Any CPU
		{3B2F7D61-C5C3-4795-A3CB-D44AAC2D3FA8}.Debug|Any CPU.Build.0 = Debug|Any CPU
		{3B2F7D61-C5C3-4795-A3CB-D44AAC2D3FA8}.Release|Any CPU.ActiveCfg = Release|Any CPU
		{3B2F7D61-C5C3-4795-A3CB-D44AAC2D3FA8}.Release|Any CPU.Build.0 = Release|Any CPU
		{6D3CF446-D874-471C-A8F9-559506C124A6}.Debug|Any CPU.ActiveCfg = Debug|Any CPU
		{6D3CF446-D874-471C-A8F9-559506C124A6}.Debug|Any CPU.Build.0 = Debug|Any CPU
		{6D3CF446-D874-471C-A8F9-559506C124A6}.Release|Any CPU.ActiveCfg = Release|Any CPU
		{6D3CF446-D874-471C-A8F9-559506C124A6}.Release|Any CPU.Build.0 = Release|Any CPU
	EndGlobalSection
	GlobalSection(SolutionProperties) = preSolution
		HideSolutionNode = FALSE
	EndGlobalSection
	GlobalSection(ExtensibilityGlobals) = postSolution
		SolutionGuid = {C1385ACA-D549-45A0-9810-011530E2D22D}
	EndGlobalSection
EndGlobal
